
Microsoft Visual Studio Solution File, Format Version 12.00
# Visual Studio Version 17
VisualStudioVersion = 17.14.36414.22
MinimumVisualStudioVersion = 10.0.40219.1
Project("{FAE04EC0-301F-11D3-BF4B-00C04F79EFBC}") = "FileManager.Test", "FileManager.Test\FileManager.Test.csproj", "{EEA6D76F-9A87-4671-B942-5A89F07116B4}"
EndProject
Project("{2150E333-8FDC-42A3-9474-1A3956D46DE8}") = "Core", "Core", "{02EA681E-C7D8-13C7-8484-4AC65E1B71E8}"
EndProject
Project("{FAE04EC0-301F-11D3-BF4B-00C04F79EFBC}") = "FileManager.Domain", "FileManager.Domain\FileManager.Domain.csproj", "{4B9E5BB2-3B0B-4731-895F-14740D8443E9}"
EndProject
Project("{2150E333-8FDC-42A3-9474-1A3956D46DE8}") = "View", "View", "{F8142FCF-2531-468A-9458-1E8B93BBD32A}"
EndProject
Project("{2150E333-8FDC-42A3-9474-1A3956D46DE8}") = "Tests", "Tests", "{2B749C34-ABBE-497F-8604-93D8D86745CC}"
EndProject
Project("{2150E333-8FDC-42A3-9474-1A3956D46DE8}") = "Infrastructure", "Infrastructure", "{70302923-D723-4965-B72D-12CFA88E5814}"
EndProject
Project("{FAE04EC0-301F-11D3-BF4B-00C04F79EFBC}") = "FileManager.Persistence", "FileManager.Persistence\FileManager.Persistence.csproj", "{2E756CA6-CE3F-4682-B91D-0718536CFEFC}"
EndProject
Project("{FAE04EC0-301F-11D3-BF4B-00C04F79EFBC}") = "FileManager.Services", "FileManager.Services\FileManager.Services.csproj", "{5DBB4AB1-E9E0-979C-4505-0C41661948F5}"
EndProject
Project("{FAE04EC0-301F-11D3-BF4B-00C04F79EFBC}") = "FileManager.UI", "FileManager.UI\FileManager.UI.csproj", "{FA2794AB-8ECB-3B37-3550-D0CA4E9C0D7D}"
EndProject
Global
	GlobalSection(SolutionConfigurationPlatforms) = preSolution
		Debug|Any CPU = Debug|Any CPU
		Release|Any CPU = Release|Any CPU
	EndGlobalSection
	GlobalSection(ProjectConfigurationPlatforms) = postSolution
		{EEA6D76F-9A87-4671-B942-5A89F07116B4}.Debug|Any CPU.ActiveCfg = Debug|Any CPU
		{EEA6D76F-9A87-4671-B942-5A89F07116B4}.Debug|Any CPU.Build.0 = Debug|Any CPU
		{EEA6D76F-9A87-4671-B942-5A89F07116B4}.Release|Any CPU.ActiveCfg = Release|Any CPU
		{EEA6D76F-9A87-4671-B942-5A89F07116B4}.Release|Any CPU.Build.0 = Release|Any CPU
		{4B9E5BB2-3B0B-4731-895F-14740D8443E9}.Debug|Any CPU.ActiveCfg = Debug|Any CPU
		{4B9E5BB2-3B0B-4731-895F-14740D8443E9}.Debug|Any CPU.Build.0 = Debug|Any CPU
		{4B9E5BB2-3B0B-4731-895F-14740D8443E9}.Release|Any CPU.ActiveCfg = Release|Any CPU
		{4B9E5BB2-3B0B-4731-895F-14740D8443E9}.Release|Any CPU.Build.0 = Release|Any CPU
		{2E756CA6-CE3F-4682-B91D-0718536CFEFC}.Debug|Any CPU.ActiveCfg = Debug|Any CPU
		{2E756CA6-CE3F-4682-B91D-0718536CFEFC}.Debug|Any CPU.Build.0 = Debug|Any CPU
		{2E756CA6-CE3F-4682-B91D-0718536CFEFC}.Release|Any CPU.ActiveCfg = Release|Any CPU
		{2E756CA6-CE3F-4682-B91D-0718536CFEFC}.Release|Any CPU.Build.0 = Release|Any CPU
		{5DBB4AB1-E9E0-979C-4505-0C41661948F5}.Debug|Any CPU.ActiveCfg = Debug|Any CPU
		{5DBB4AB1-E9E0-979C-4505-0C41661948F5}.Debug|Any CPU.Build.0 = Debug|Any CPU
		{5DBB4AB1-E9E0-979C-4505-0C41661948F5}.Release|Any CPU.ActiveCfg = Release|Any CPU
		{5DBB4AB1-E9E0-979C-4505-0C41661948F5}.Release|Any CPU.Build.0 = Release|Any CPU
		{FA2794AB-8ECB-3B37-3550-D0CA4E9C0D7D}.Debug|Any CPU.ActiveCfg = Debug|Any CPU
		{FA2794AB-8ECB-3B37-3550-D0CA4E9C0D7D}.Debug|Any CPU.Build.0 = Debug|Any CPU
		{FA2794AB-8ECB-3B37-3550-D0CA4E9C0D7D}.Release|Any CPU.ActiveCfg = Release|Any CPU
		{FA2794AB-8ECB-3B37-3550-D0CA4E9C0D7D}.Release|Any CPU.Build.0 = Release|Any CPU
	EndGlobalSection
	GlobalSection(SolutionProperties) = preSolution
		HideSolutionNode = FALSE
	EndGlobalSection
	GlobalSection(NestedProjects) = preSolution
		{EEA6D76F-9A87-4671-B942-5A89F07116B4} = {2B749C34-ABBE-497F-8604-93D8D86745CC}
		{4B9E5BB2-3B0B-4731-895F-14740D8443E9} = {02EA681E-C7D8-13C7-8484-4AC65E1B71E8}
		{2E756CA6-CE3F-4682-B91D-0718536CFEFC} = {70302923-D723-4965-B72D-12CFA88E5814}
		{5DBB4AB1-E9E0-979C-4505-0C41661948F5} = {02EA681E-C7D8-13C7-8484-4AC65E1B71E8}
		{FA2794AB-8ECB-3B37-3550-D0CA4E9C0D7D} = {F8142FCF-2531-468A-9458-1E8B93BBD32A}
	EndGlobalSection
	GlobalSection(ExtensibilityGlobals) = postSolution
		SolutionGuid = {9F2AED21-CABD-475C-8B64-ADA1B6440DF6}
	EndGlobalSection
EndGlobal
