
Microsoft Visual Studio Solution File, Format Version 12.00
# Visual Studio Version 17
VisualStudioVersion = 17.10.35013.160
MinimumVisualStudioVersion = 10.0.40219.1
Project("{FAE04EC0-301F-11D3-BF4B-00C04F79EFBC}") = "WpfApp5", "WpfApp5\WpfApp5.csproj", "{B4F269B7-D825-45D1-8445-BA1DF67A30CF}"
EndProject
Global
	GlobalSection(SolutionConfigurationPlatforms) = preSolution
		Debug|Any CPU = Debug|Any CPU
		Release|Any CPU = Release|Any CPU
	EndGlobalSection
	GlobalSection(ProjectConfigurationPlatforms) = postSolution
		{B4F269B7-D825-45D1-8445-BA1DF67A30CF}.Debug|Any CPU.ActiveCfg = Debug|Any CPU
		{B4F269B7-D825-45D1-8445-BA1DF67A30CF}.Debug|Any CPU.Build.0 = Debug|Any CPU
		{B4F269B7-D825-45D1-8445-BA1DF67A30CF}.Release|Any CPU.ActiveCfg = Release|Any CPU
		{B4F269B7-D825-45D1-8445-BA1DF67A30CF}.Release|Any CPU.Build.0 = Release|Any CPU
	EndGlobalSection
	GlobalSection(SolutionProperties) = preSolution
		HideSolutionNode = FALSE
	EndGlobalSection
	GlobalSection(ExtensibilityGlobals) = postSolution
		SolutionGuid = {BBAB485D-AC4A-42E0-B0D6-4ED25EB2CAC3}
	EndGlobalSection
EndGlobal
